
Microsoft Visual Studio Solution File, Format Version 12.00
# Visual Studio Version 17
VisualStudioVersion = 17.14.36401.2 d17.14
MinimumVisualStudioVersion = 10.0.40219.1
Project("{FAE04EC0-301F-11D3-BF4B-00C04F79EFBC}") = "FenrirFsDbConverter", "FenrirFsDbConverter\FenrirFsDbConverter.csproj", "{0A486362-676B-40CA-BA86-3728271ED65A}"
EndProject
Global
	GlobalSection(SolutionConfigurationPlatforms) = preSolution
		Debug|Any CPU = Debug|Any CPU
		Release|Any CPU = Release|Any CPU
	EndGlobalSection
	GlobalSection(ProjectConfigurationPlatforms) = postSolution
		{0A486362-676B-40CA-BA86-3728271ED65A}.Debug|Any CPU.ActiveCfg = Debug|Any CPU
		{0A486362-676B-40CA-BA86-3728271ED65A}.Debug|Any CPU.Build.0 = Debug|Any CPU
		{0A486362-676B-40CA-BA86-3728271ED65A}.Release|Any CPU.ActiveCfg = Release|Any CPU
		{0A486362-676B-40CA-BA86-3728271ED65A}.Release|Any CPU.Build.0 = Release|Any CPU
	EndGlobalSection
	GlobalSection(SolutionProperties) = preSolution
		HideSolutionNode = FALSE
	EndGlobalSection
	GlobalSection(ExtensibilityGlobals) = postSolution
		SolutionGuid = {7417E875-62E1-4015-B3FB-653527D9012A}
	EndGlobalSection
EndGlobal
